
Microsoft Visual Studio Solution File, Format Version 11.00
# Visual Studio 2010
Project("{FAE04EC0-301F-11D3-BF4B-00C04F79EFBC}") = "FTP_Updater", "FTP_Updater\FTP_Updater.csproj", "{7BC10E8C-3151-4B8E-B87B-D94CBA8764D1}"
EndProject
Project("{FAE04EC0-301F-11D3-BF4B-00C04F79EFBC}") = "Laedit.Net", "..\..\Laedit.Net\Laedit.Net.csproj", "{91B72930-135C-4007-9B4C-9B883D847BD0}"
EndProject
Global
	GlobalSection(SolutionConfigurationPlatforms) = preSolution
		Debug|Any CPU = Debug|Any CPU
		Debug|Mixed Platforms = Debug|Mixed Platforms
		Debug|x86 = Debug|x86
		Release|Any CPU = Release|Any CPU
		Release|Mixed Platforms = Release|Mixed Platforms
		Release|x86 = Release|x86
	EndGlobalSection
	GlobalSection(ProjectConfigurationPlatforms) = postSolution
		{7BC10E8C-3151-4B8E-B87B-D94CBA8764D1}.Debug|Any CPU.ActiveCfg = Debug|x86
		{7BC10E8C-3151-4B8E-B87B-D94CBA8764D1}.Debug|Mixed Platforms.ActiveCfg = Debug|x86
		{7BC10E8C-3151-4B8E-B87B-D94CBA8764D1}.Debug|Mixed Platforms.Build.0 = Debug|x86
		{7BC10E8C-3151-4B8E-B87B-D94CBA8764D1}.Debug|x86.ActiveCfg = Debug|x86
		{7BC10E8C-3151-4B8E-B87B-D94CBA8764D1}.Debug|x86.Build.0 = Debug|x86
		{7BC10E8C-3151-4B8E-B87B-D94CBA8764D1}.Release|Any CPU.ActiveCfg = Release|x86
		{7BC10E8C-3151-4B8E-B87B-D94CBA8764D1}.Release|Mixed Platforms.ActiveCfg = Release|x86
		{7BC10E8C-3151-4B8E-B87B-D94CBA8764D1}.Release|Mixed Platforms.Build.0 = Release|x86
		{7BC10E8C-3151-4B8E-B87B-D94CBA8764D1}.Release|x86.ActiveCfg = Release|x86
		{7BC10E8C-3151-4B8E-B87B-D94CBA8764D1}.Release|x86.Build.0 = Release|x86
		{91B72930-135C-4007-9B4C-9B883D847BD0}.Debug|Any CPU.ActiveCfg = Debug|Any CPU
		{91B72930-135C-4007-9B4C-9B883D847BD0}.Debug|Any CPU.Build.0 = Debug|Any CPU
		{91B72930-135C-4007-9B4C-9B883D847BD0}.Debug|Mixed Platforms.ActiveCfg = Debug|Any CPU
		{91B72930-135C-4007-9B4C-9B883D847BD0}.Debug|Mixed Platforms.Build.0 = Debug|Any CPU
		{91B72930-135C-4007-9B4C-9B883D847BD0}.Debug|x86.ActiveCfg = Debug|Any CPU
		{91B72930-135C-4007-9B4C-9B883D847BD0}.Release|Any CPU.ActiveCfg = Release|Any CPU
		{91B72930-135C-4007-9B4C-9B883D847BD0}.Release|Any CPU.Build.0 = Release|Any CPU
		{91B72930-135C-4007-9B4C-9B883D847BD0}.Release|Mixed Platforms.ActiveCfg = Release|Any CPU
		{91B72930-135C-4007-9B4C-9B883D847BD0}.Release|Mixed Platforms.Build.0 = Release|Any CPU
		{91B72930-135C-4007-9B4C-9B883D847BD0}.Release|x86.ActiveCfg = Release|Any CPU
	EndGlobalSection
	GlobalSection(SolutionProperties) = preSolution
		HideSolutionNode = FALSE
	EndGlobalSection
EndGlobal
