
Microsoft Visual Studio Solution File, Format Version 11.00
# Visual Studio 2010
Project("{FAE04EC0-301F-11D3-BF4B-00C04F79EFBC}") = "FTP_Updater", "FTP_Updater\FTP_Updater.csproj", "{7BC10E8C-3151-4B8E-B87B-D94CBA8764D1}"
EndProject
Global
	GlobalSection(SolutionConfigurationPlatforms) = preSolution
		Debug|x86 = Debug|x86
		Release|x86 = Release|x86
	EndGlobalSection
	GlobalSection(ProjectConfigurationPlatforms) = postSolution
		{7BC10E8C-3151-4B8E-B87B-D94CBA8764D1}.Debug|x86.ActiveCfg = Debug|x86
		{7BC10E8C-3151-4B8E-B87B-D94CBA8764D1}.Debug|x86.Build.0 = Debug|x86
		{7BC10E8C-3151-4B8E-B87B-D94CBA8764D1}.Release|x86.ActiveCfg = Release|x86
		{7BC10E8C-3151-4B8E-B87B-D94CBA8764D1}.Release|x86.Build.0 = Release|x86
	EndGlobalSection
	GlobalSection(SolutionProperties) = preSolution
		HideSolutionNode = FALSE
	EndGlobalSection
EndGlobal
